<?xml version="1.0" encoding="utf-8"?>
<Project ToolsVersion="4.0" xmlns="http://schemas.microsoft.com/developer/msbuild/2003">
  <ItemGroup>
    <Filter Include="Fichiers sources">
      <UniqueIdentifier>{4FC737F1-C7A5-4376-A066-2A32D752A2FF}</UniqueIdentifier>
      <Extensions>cpp;c;cc;cxx;def;odl;idl;hpj;bat;asm;asmx</Extensions>
    </Filter>
    <Filter Include="Fichiers d%27en-tête">
      <UniqueIdentifier>{93995380-89BD-4b04-88EB-625FBE52EBFB}</UniqueIdentifier>
      <Extensions>h;hh;hpp;hxx;hm;inl;inc;xsd</Extensions>
    </Filter>
    <Filter Include="Fichiers de ressources">
      <UniqueIdentifier>{67DA6AB6-F800-4c08-8B7A-83BB121AAD01}</UniqueIdentifier>
      <Extensions>rc;ico;cur;bmp;dlg;rc2;rct;bin;rgs;gif;jpg;jpeg;jpe;resx;tiff;tif;png;wav;mfcribbon-ms</Extensions>
    </Filter>
    <Filter Include="Fichiers sources\Manager">
      <UniqueIdentifier>{6c876151-5e8e-4a56-9936-1885883e4b66}</UniqueIdentifier>
    </Filter>
    <Filter Include="Fichiers d%27en-tête\Manager">
      <UniqueIdentifier>{3f25f67b-19f5-417f-986e-47b7d74925fd}</UniqueIdentifier>
    </Filter>
    <Filter Include="Fichiers d%27en-tête\EventSystem">
      <UniqueIdentifier>{d9d7c0e6-3689-4e74-8fd7-46062fda4eef}</UniqueIdentifier>
    </Filter>
    <Filter Include="Fichiers sources\EventSystem">
      <UniqueIdentifier>{3395cf99-04ad-4b92-8a9b-c31a070d9bce}</UniqueIdentifier>
    </Filter>
    <Filter Include="Fichiers sources\EngineObject">
      <UniqueIdentifier>{e9c05354-b94b-4fb8-9fa8-e739b7a6363a}</UniqueIdentifier>
    </Filter>
    <Filter Include="Fichiers d%27en-tête\EngineObject">
      <UniqueIdentifier>{f864e378-bf28-4825-a727-c7f91c09f2b2}</UniqueIdentifier>
    </Filter>
  </ItemGroup>
  <ItemGroup>
    <ClCompile Include="Main.cpp">
      <Filter>Fichiers sources</Filter>
    </ClCompile>
    <ClCompile Include="GameData.cpp">
      <Filter>Fichiers sources</Filter>
    </ClCompile>
    <ClCompile Include="LogManager.cpp">
      <Filter>Fichiers sources\Manager</Filter>
    </ClCompile>
    <ClCompile Include="Observer.cpp">
      <Filter>Fichiers sources\EventSystem</Filter>
    </ClCompile>
    <ClCompile Include="GraphicEvent.cpp">
      <Filter>Fichiers sources\EventSystem</Filter>
    </ClCompile>
    <ClCompile Include="SceneManager.cpp">
      <Filter>Fichiers sources\Manager</Filter>
    </ClCompile>
    <ClCompile Include="Scene.cpp">
      <Filter>Fichiers sources\EngineObject</Filter>
    </ClCompile>
    <ClCompile Include="GraphicObserver.cpp">
      <Filter>Fichiers sources</Filter>
    </ClCompile>
  </ItemGroup>
  <ItemGroup>
    <ClInclude Include="GameData.h">
      <Filter>Fichiers d%27en-tête</Filter>
    </ClInclude>
    <ClInclude Include="LogManager.h">
      <Filter>Fichiers d%27en-tête\Manager</Filter>
    </ClInclude>
    <ClInclude Include="Event.h">
      <Filter>Fichiers d%27en-tête\EventSystem</Filter>
    </ClInclude>
    <ClInclude Include="Observer.h">
      <Filter>Fichiers d%27en-tête\EventSystem</Filter>
    </ClInclude>
    <ClInclude Include="GraphicEvent.h">
      <Filter>Fichiers d%27en-tête\EventSystem</Filter>
    </ClInclude>
    <ClInclude Include="SceneManager.h">
      <Filter>Fichiers d%27en-tête\Manager</Filter>
    </ClInclude>
    <ClInclude Include="Scene.h">
      <Filter>Fichiers d%27en-tête\EngineObject</Filter>
    </ClInclude>
    <ClInclude Include="GraphicObserver.h">
      <Filter>Fichiers d%27en-tête</Filter>
    </ClInclude>
  </ItemGroup>
</Project>